
Microsoft Visual Studio Solution File, Format Version 12.00
# Visual Studio Version 17
VisualStudioVersion = 17.0.31903.59
MinimumVisualStudioVersion = 10.0.40219.1
Project("{FAE04EC0-301F-11D3-BF4B-00C04F79EFBC}") = "API", "API\API.csproj", "{37C27531-DDBD-464E-B23F-533019E4634C}"
EndProject
Project("{FAE04EC0-301F-11D3-BF4B-00C04F79EFBC}") = "Core", "Core\Core.csproj", "{657FF15F-6F6D-45A1-B8CC-1DCBF3E16AD9}"
EndProject
Project("{FAE04EC0-301F-11D3-BF4B-00C04F79EFBC}") = "Infrastructure", "Infrastructure\Infrastructure.csproj", "{3889FDE6-6E18-4DB5-ABCD-ED7ADA40FB0F}"
EndProject
Global
	GlobalSection(SolutionConfigurationPlatforms) = preSolution
		Debug|Any CPU = Debug|Any CPU
		Release|Any CPU = Release|Any CPU
	EndGlobalSection
	GlobalSection(SolutionProperties) = preSolution
		HideSolutionNode = FALSE
	EndGlobalSection
	GlobalSection(ProjectConfigurationPlatforms) = postSolution
		{37C27531-DDBD-464E-B23F-533019E4634C}.Debug|Any CPU.ActiveCfg = Debug|Any CPU
		{37C27531-DDBD-464E-B23F-533019E4634C}.Debug|Any CPU.Build.0 = Debug|Any CPU
		{37C27531-DDBD-464E-B23F-533019E4634C}.Release|Any CPU.ActiveCfg = Release|Any CPU
		{37C27531-DDBD-464E-B23F-533019E4634C}.Release|Any CPU.Build.0 = Release|Any CPU
		{657FF15F-6F6D-45A1-B8CC-1DCBF3E16AD9}.Debug|Any CPU.ActiveCfg = Debug|Any CPU
		{657FF15F-6F6D-45A1-B8CC-1DCBF3E16AD9}.Debug|Any CPU.Build.0 = Debug|Any CPU
		{657FF15F-6F6D-45A1-B8CC-1DCBF3E16AD9}.Release|Any CPU.ActiveCfg = Release|Any CPU
		{657FF15F-6F6D-45A1-B8CC-1DCBF3E16AD9}.Release|Any CPU.Build.0 = Release|Any CPU
		{3889FDE6-6E18-4DB5-ABCD-ED7ADA40FB0F}.Debug|Any CPU.ActiveCfg = Debug|Any CPU
		{3889FDE6-6E18-4DB5-ABCD-ED7ADA40FB0F}.Debug|Any CPU.Build.0 = Debug|Any CPU
		{3889FDE6-6E18-4DB5-ABCD-ED7ADA40FB0F}.Release|Any CPU.ActiveCfg = Release|Any CPU
		{3889FDE6-6E18-4DB5-ABCD-ED7ADA40FB0F}.Release|Any CPU.Build.0 = Release|Any CPU
	EndGlobalSection
EndGlobal
